{
  "version": 4,
  "terraform_version": "1.5.4",
  "serial": 23,
  "lineage": "ce1e11ca-bedb-f820-30dc-4e0bb81dabcb",
  "outputs": {},
  "resources": [
    {
      "mode": "data",
      "type": "google_compute_network",
      "name": "default_network",
      "provider": "provider[\"registry.terraform.io/hashicorp/google\"]",
      "instances": [
        {
          "schema_version": 0,
          "attributes": {
            "description": "Default network for the project",
            "gateway_ipv4": "",
            "id": "projects/alvaro-demo-elastic-000001/global/networks/default",
            "name": "default",
            "project": null,
            "self_link": "https://www.googleapis.com/compute/v1/projects/alvaro-demo-elastic-000001/global/networks/default",
            "subnetworks_self_links": [
              "https://www.googleapis.com/compute/v1/projects/alvaro-demo-elastic-000001/regions/asia-south2/subnetworks/default",
              "https://www.googleapis.com/compute/v1/projects/alvaro-demo-elastic-000001/regions/europe-north1/subnetworks/default",
              "https://www.googleapis.com/compute/v1/projects/alvaro-demo-elastic-000001/regions/europe-west6/subnetworks/default",
              "https://www.googleapis.com/compute/v1/projects/alvaro-demo-elastic-000001/regions/us-south1/subnetworks/default",
              "https://www.googleapis.com/compute/v1/projects/alvaro-demo-elastic-000001/regions/europe-west4/subnetworks/default",
              "https://www.googleapis.com/compute/v1/projects/alvaro-demo-elastic-000001/regions/europe-west3/subnetworks/default",
              "https://www.googleapis.com/compute/v1/projects/alvaro-demo-elastic-000001/regions/europe-west1/subnetworks/default",
              "https://www.googleapis.com/compute/v1/projects/alvaro-demo-elastic-000001/regions/asia-east1/subnetworks/default",
              "https://www.googleapis.com/compute/v1/projects/alvaro-demo-elastic-000001/regions/europe-west8/subnetworks/default",
              "https://www.googleapis.com/compute/v1/projects/alvaro-demo-elastic-000001/regions/us-west1/subnetworks/default",
              "https://www.googleapis.com/compute/v1/projects/alvaro-demo-elastic-000001/regions/asia-northeast1/subnetworks/default",
              "https://www.googleapis.com/compute/v1/projects/alvaro-demo-elastic-000001/regions/asia-south1/subnetworks/default",
              "https://www.googleapis.com/compute/v1/projects/alvaro-demo-elastic-000001/regions/europe-west9/subnetworks/default",
              "https://www.googleapis.com/compute/v1/projects/alvaro-demo-elastic-000001/regions/asia-northeast3/subnetworks/default",
              "https://www.googleapis.com/compute/v1/projects/alvaro-demo-elastic-000001/regions/asia-northeast2/subnetworks/default",
              "https://www.googleapis.com/compute/v1/projects/alvaro-demo-elastic-000001/regions/us-west3/subnetworks/default",
              "https://www.googleapis.com/compute/v1/projects/alvaro-demo-elastic-000001/regions/asia-east2/subnetworks/default",
              "https://www.googleapis.com/compute/v1/projects/alvaro-demo-elastic-000001/regions/southamerica-east1/subnetworks/default",
              "https://www.googleapis.com/compute/v1/projects/alvaro-demo-elastic-000001/regions/northamerica-northeast2/subnetworks/default",
              "https://www.googleapis.com/compute/v1/projects/alvaro-demo-elastic-000001/regions/me-central1/subnetworks/default",
              "https://www.googleapis.com/compute/v1/projects/alvaro-demo-elastic-000001/regions/us-east4/subnetworks/default",
              "https://www.googleapis.com/compute/v1/projects/alvaro-demo-elastic-000001/regions/northamerica-northeast1/subnetworks/default",
              "https://www.googleapis.com/compute/v1/projects/alvaro-demo-elastic-000001/regions/europe-central2/subnetworks/default",
              "https://www.googleapis.com/compute/v1/projects/alvaro-demo-elastic-000001/regions/europe-west2/subnetworks/default",
              "https://www.googleapis.com/compute/v1/projects/alvaro-demo-elastic-000001/regions/us-west4/subnetworks/default",
              "https://www.googleapis.com/compute/v1/projects/alvaro-demo-elastic-000001/regions/us-east1/subnetworks/default",
              "https://www.googleapis.com/compute/v1/projects/alvaro-demo-elastic-000001/regions/me-west1/subnetworks/default",
              "https://www.googleapis.com/compute/v1/projects/alvaro-demo-elastic-000001/regions/us-west2/subnetworks/default",
              "https://www.googleapis.com/compute/v1/projects/alvaro-demo-elastic-000001/regions/europe-west10/subnetworks/default",
              "https://www.googleapis.com/compute/v1/projects/alvaro-demo-elastic-000001/regions/us-east7/subnetworks/default",
              "https://www.googleapis.com/compute/v1/projects/alvaro-demo-elastic-000001/regions/europe-southwest1/subnetworks/default",
              "https://www.googleapis.com/compute/v1/projects/alvaro-demo-elastic-000001/regions/southamerica-west1/subnetworks/default",
              "https://www.googleapis.com/compute/v1/projects/alvaro-demo-elastic-000001/regions/us-central1/subnetworks/default",
              "https://www.googleapis.com/compute/v1/projects/alvaro-demo-elastic-000001/regions/europe-west12/subnetworks/default",
              "https://www.googleapis.com/compute/v1/projects/alvaro-demo-elastic-000001/regions/australia-southeast2/subnetworks/default",
              "https://www.googleapis.com/compute/v1/projects/alvaro-demo-elastic-000001/regions/australia-southeast1/subnetworks/default",
              "https://www.googleapis.com/compute/v1/projects/alvaro-demo-elastic-000001/regions/asia-southeast2/subnetworks/default",
              "https://www.googleapis.com/compute/v1/projects/alvaro-demo-elastic-000001/regions/asia-southeast1/subnetworks/default",
              "https://www.googleapis.com/compute/v1/projects/alvaro-demo-elastic-000001/regions/us-east5/subnetworks/default"
            ]
          },
          "sensitive_attributes": []
        }
      ]
    },
    {
      "mode": "managed",
      "type": "google_compute_disk",
      "name": "hot_disks",
      "provider": "provider[\"registry.terraform.io/hashicorp/google\"]",
      "instances": [
        {
          "index_key": 0,
          "schema_version": 0,
          "attributes": {
            "async_primary_disk": [],
            "creation_timestamp": "2023-08-14T23:22:49.873-07:00",
            "description": "",
            "disk_encryption_key": [],
            "guest_os_features": [],
            "id": "projects/alvaro-demo-elastic-000001/zones/us-west2-a/disks/hot-disk-0",
            "image": "",
            "label_fingerprint": "42WmSpB8rSM=",
            "labels": null,
            "last_attach_timestamp": "",
            "last_detach_timestamp": "",
            "licenses": [],
            "name": "hot-disk-0",
            "physical_block_size_bytes": 4096,
            "project": "alvaro-demo-elastic-000001",
            "provisioned_iops": 0,
            "provisioned_throughput": 0,
            "self_link": "https://www.googleapis.com/compute/v1/projects/alvaro-demo-elastic-000001/zones/us-west2-a/disks/hot-disk-0",
            "size": 200,
            "snapshot": "",
            "source_disk": "",
            "source_disk_id": "",
            "source_image_encryption_key": [],
            "source_image_id": "",
            "source_snapshot_encryption_key": [],
            "source_snapshot_id": "",
            "timeouts": null,
            "type": "pd-ssd",
            "users": [],
            "zone": "us-west2-a"
          },
          "sensitive_attributes": [],
          "private": "eyJlMmJmYjczMC1lY2FhLTExZTYtOGY4OC0zNDM2M2JjN2M0YzAiOnsiY3JlYXRlIjoxMjAwMDAwMDAwMDAwLCJkZWxldGUiOjEyMDAwMDAwMDAwMDAsInVwZGF0ZSI6MTIwMDAwMDAwMDAwMH19"
        },
        {
          "index_key": 1,
          "schema_version": 0,
          "attributes": {
            "async_primary_disk": [],
            "creation_timestamp": "2023-08-14T23:22:49.758-07:00",
            "description": "",
            "disk_encryption_key": [],
            "guest_os_features": [],
            "id": "projects/alvaro-demo-elastic-000001/zones/us-west2-b/disks/hot-disk-1",
            "image": "",
            "label_fingerprint": "42WmSpB8rSM=",
            "labels": null,
            "last_attach_timestamp": "",
            "last_detach_timestamp": "",
            "licenses": [],
            "name": "hot-disk-1",
            "physical_block_size_bytes": 4096,
            "project": "alvaro-demo-elastic-000001",
            "provisioned_iops": 0,
            "provisioned_throughput": 0,
            "self_link": "https://www.googleapis.com/compute/v1/projects/alvaro-demo-elastic-000001/zones/us-west2-b/disks/hot-disk-1",
            "size": 200,
            "snapshot": "",
            "source_disk": "",
            "source_disk_id": "",
            "source_image_encryption_key": [],
            "source_image_id": "",
            "source_snapshot_encryption_key": [],
            "source_snapshot_id": "",
            "timeouts": null,
            "type": "pd-ssd",
            "users": [],
            "zone": "us-west2-b"
          },
          "sensitive_attributes": [],
          "private": "eyJlMmJmYjczMC1lY2FhLTExZTYtOGY4OC0zNDM2M2JjN2M0YzAiOnsiY3JlYXRlIjoxMjAwMDAwMDAwMDAwLCJkZWxldGUiOjEyMDAwMDAwMDAwMDAsInVwZGF0ZSI6MTIwMDAwMDAwMDAwMH19"
        }
      ]
    },
    {
      "mode": "managed",
      "type": "google_compute_disk",
      "name": "hot_logs_disks",
      "provider": "provider[\"registry.terraform.io/hashicorp/google\"]",
      "instances": [
        {
          "index_key": 0,
          "schema_version": 0,
          "attributes": {
            "async_primary_disk": [],
            "creation_timestamp": "2023-08-14T23:22:49.870-07:00",
            "description": "",
            "disk_encryption_key": [],
            "guest_os_features": [],
            "id": "projects/alvaro-demo-elastic-000001/zones/us-west2-a/disks/hot-logs-disk-0",
            "image": "",
            "label_fingerprint": "42WmSpB8rSM=",
            "labels": null,
            "last_attach_timestamp": "",
            "last_detach_timestamp": "",
            "licenses": [],
            "name": "hot-logs-disk-0",
            "physical_block_size_bytes": 4096,
            "project": "alvaro-demo-elastic-000001",
            "provisioned_iops": 0,
            "provisioned_throughput": 0,
            "self_link": "https://www.googleapis.com/compute/v1/projects/alvaro-demo-elastic-000001/zones/us-west2-a/disks/hot-logs-disk-0",
            "size": 30,
            "snapshot": "",
            "source_disk": "",
            "source_disk_id": "",
            "source_image_encryption_key": [],
            "source_image_id": "",
            "source_snapshot_encryption_key": [],
            "source_snapshot_id": "",
            "timeouts": null,
            "type": "pd-standard",
            "users": [],
            "zone": "us-west2-a"
          },
          "sensitive_attributes": [],
          "private": "eyJlMmJmYjczMC1lY2FhLTExZTYtOGY4OC0zNDM2M2JjN2M0YzAiOnsiY3JlYXRlIjoxMjAwMDAwMDAwMDAwLCJkZWxldGUiOjEyMDAwMDAwMDAwMDAsInVwZGF0ZSI6MTIwMDAwMDAwMDAwMH19"
        },
        {
          "index_key": 1,
          "schema_version": 0,
          "attributes": {
            "async_primary_disk": [],
            "creation_timestamp": "2023-08-14T23:22:49.789-07:00",
            "description": "",
            "disk_encryption_key": [],
            "guest_os_features": [],
            "id": "projects/alvaro-demo-elastic-000001/zones/us-west2-b/disks/hot-logs-disk-1",
            "image": "",
            "label_fingerprint": "42WmSpB8rSM=",
            "labels": null,
            "last_attach_timestamp": "",
            "last_detach_timestamp": "",
            "licenses": [],
            "name": "hot-logs-disk-1",
            "physical_block_size_bytes": 4096,
            "project": "alvaro-demo-elastic-000001",
            "provisioned_iops": 0,
            "provisioned_throughput": 0,
            "self_link": "https://www.googleapis.com/compute/v1/projects/alvaro-demo-elastic-000001/zones/us-west2-b/disks/hot-logs-disk-1",
            "size": 30,
            "snapshot": "",
            "source_disk": "",
            "source_disk_id": "",
            "source_image_encryption_key": [],
            "source_image_id": "",
            "source_snapshot_encryption_key": [],
            "source_snapshot_id": "",
            "timeouts": null,
            "type": "pd-standard",
            "users": [],
            "zone": "us-west2-b"
          },
          "sensitive_attributes": [],
          "private": "eyJlMmJmYjczMC1lY2FhLTExZTYtOGY4OC0zNDM2M2JjN2M0YzAiOnsiY3JlYXRlIjoxMjAwMDAwMDAwMDAwLCJkZWxldGUiOjEyMDAwMDAwMDAwMDAsInVwZGF0ZSI6MTIwMDAwMDAwMDAwMH19"
        }
      ]
    },
    {
      "mode": "managed",
      "type": "google_compute_disk",
      "name": "kibana_disk",
      "provider": "provider[\"registry.terraform.io/hashicorp/google\"]",
      "instances": [
        {
          "index_key": 0,
          "schema_version": 0,
          "attributes": {
            "async_primary_disk": [],
            "creation_timestamp": "2023-08-14T23:23:00.548-07:00",
            "description": "",
            "disk_encryption_key": [],
            "guest_os_features": [],
            "id": "projects/alvaro-demo-elastic-000001/zones/us-west2-b/disks/kibana-disk",
            "image": "",
            "label_fingerprint": "42WmSpB8rSM=",
            "labels": null,
            "last_attach_timestamp": "",
            "last_detach_timestamp": "",
            "licenses": [],
            "name": "kibana-disk",
            "physical_block_size_bytes": 4096,
            "project": "alvaro-demo-elastic-000001",
            "provisioned_iops": 0,
            "provisioned_throughput": 0,
            "self_link": "https://www.googleapis.com/compute/v1/projects/alvaro-demo-elastic-000001/zones/us-west2-b/disks/kibana-disk",
            "size": 100,
            "snapshot": "",
            "source_disk": "",
            "source_disk_id": "",
            "source_image_encryption_key": [],
            "source_image_id": "",
            "source_snapshot_encryption_key": [],
            "source_snapshot_id": "",
            "timeouts": null,
            "type": "pd-standard",
            "users": [],
            "zone": "us-west2-b"
          },
          "sensitive_attributes": [],
          "private": "eyJlMmJmYjczMC1lY2FhLTExZTYtOGY4OC0zNDM2M2JjN2M0YzAiOnsiY3JlYXRlIjoxMjAwMDAwMDAwMDAwLCJkZWxldGUiOjEyMDAwMDAwMDAwMDAsInVwZGF0ZSI6MTIwMDAwMDAwMDAwMH19"
        }
      ]
    },
    {
      "mode": "managed",
      "type": "google_compute_disk",
      "name": "kibana_logs_disks",
      "provider": "provider[\"registry.terraform.io/hashicorp/google\"]",
      "instances": [
        {
          "index_key": 0,
          "schema_version": 0,
          "attributes": {
            "async_primary_disk": [],
            "creation_timestamp": "2023-08-14T23:22:49.918-07:00",
            "description": "",
            "disk_encryption_key": [],
            "guest_os_features": [],
            "id": "projects/alvaro-demo-elastic-000001/zones/us-west2-b/disks/kibana-logs-disk-0",
            "image": "",
            "label_fingerprint": "42WmSpB8rSM=",
            "labels": null,
            "last_attach_timestamp": "",
            "last_detach_timestamp": "",
            "licenses": [],
            "name": "kibana-logs-disk-0",
            "physical_block_size_bytes": 4096,
            "project": "alvaro-demo-elastic-000001",
            "provisioned_iops": 0,
            "provisioned_throughput": 0,
            "self_link": "https://www.googleapis.com/compute/v1/projects/alvaro-demo-elastic-000001/zones/us-west2-b/disks/kibana-logs-disk-0",
            "size": 30,
            "snapshot": "",
            "source_disk": "",
            "source_disk_id": "",
            "source_image_encryption_key": [],
            "source_image_id": "",
            "source_snapshot_encryption_key": [],
            "source_snapshot_id": "",
            "timeouts": null,
            "type": "pd-standard",
            "users": [],
            "zone": "us-west2-b"
          },
          "sensitive_attributes": [],
          "private": "eyJlMmJmYjczMC1lY2FhLTExZTYtOGY4OC0zNDM2M2JjN2M0YzAiOnsiY3JlYXRlIjoxMjAwMDAwMDAwMDAwLCJkZWxldGUiOjEyMDAwMDAwMDAwMDAsInVwZGF0ZSI6MTIwMDAwMDAwMDAwMH19"
        }
      ]
    },
    {
      "mode": "managed",
      "type": "google_compute_disk",
      "name": "master_disks",
      "provider": "provider[\"registry.terraform.io/hashicorp/google\"]",
      "instances": [
        {
          "index_key": 0,
          "schema_version": 0,
          "attributes": {
            "async_primary_disk": [],
            "creation_timestamp": "2023-08-14T23:23:01.084-07:00",
            "description": "",
            "disk_encryption_key": [],
            "guest_os_features": [],
            "id": "projects/alvaro-demo-elastic-000001/zones/us-west2-a/disks/master-disk-0",
            "image": "",
            "label_fingerprint": "42WmSpB8rSM=",
            "labels": null,
            "last_attach_timestamp": "",
            "last_detach_timestamp": "",
            "licenses": [],
            "name": "master-disk-0",
            "physical_block_size_bytes": 4096,
            "project": "alvaro-demo-elastic-000001",
            "provisioned_iops": 0,
            "provisioned_throughput": 0,
            "self_link": "https://www.googleapis.com/compute/v1/projects/alvaro-demo-elastic-000001/zones/us-west2-a/disks/master-disk-0",
            "size": 50,
            "snapshot": "",
            "source_disk": "",
            "source_disk_id": "",
            "source_image_encryption_key": [],
            "source_image_id": "",
            "source_snapshot_encryption_key": [],
            "source_snapshot_id": "",
            "timeouts": null,
            "type": "pd-standard",
            "users": [],
            "zone": "us-west2-a"
          },
          "sensitive_attributes": [],
          "private": "eyJlMmJmYjczMC1lY2FhLTExZTYtOGY4OC0zNDM2M2JjN2M0YzAiOnsiY3JlYXRlIjoxMjAwMDAwMDAwMDAwLCJkZWxldGUiOjEyMDAwMDAwMDAwMDAsInVwZGF0ZSI6MTIwMDAwMDAwMDAwMH19"
        },
        {
          "index_key": 1,
          "schema_version": 0,
          "attributes": {
            "async_primary_disk": [],
            "creation_timestamp": "2023-08-14T23:23:01.136-07:00",
            "description": "",
            "disk_encryption_key": [],
            "guest_os_features": [],
            "id": "projects/alvaro-demo-elastic-000001/zones/us-west2-b/disks/master-disk-1",
            "image": "",
            "label_fingerprint": "42WmSpB8rSM=",
            "labels": null,
            "last_attach_timestamp": "",
            "last_detach_timestamp": "",
            "licenses": [],
            "name": "master-disk-1",
            "physical_block_size_bytes": 4096,
            "project": "alvaro-demo-elastic-000001",
            "provisioned_iops": 0,
            "provisioned_throughput": 0,
            "self_link": "https://www.googleapis.com/compute/v1/projects/alvaro-demo-elastic-000001/zones/us-west2-b/disks/master-disk-1",
            "size": 50,
            "snapshot": "",
            "source_disk": "",
            "source_disk_id": "",
            "source_image_encryption_key": [],
            "source_image_id": "",
            "source_snapshot_encryption_key": [],
            "source_snapshot_id": "",
            "timeouts": null,
            "type": "pd-standard",
            "users": [],
            "zone": "us-west2-b"
          },
          "sensitive_attributes": [],
          "private": "eyJlMmJmYjczMC1lY2FhLTExZTYtOGY4OC0zNDM2M2JjN2M0YzAiOnsiY3JlYXRlIjoxMjAwMDAwMDAwMDAwLCJkZWxldGUiOjEyMDAwMDAwMDAwMDAsInVwZGF0ZSI6MTIwMDAwMDAwMDAwMH19"
        },
        {
          "index_key": 2,
          "schema_version": 0,
          "attributes": {
            "async_primary_disk": [],
            "creation_timestamp": "2023-08-14T23:23:00.622-07:00",
            "description": "",
            "disk_encryption_key": [],
            "guest_os_features": [],
            "id": "projects/alvaro-demo-elastic-000001/zones/us-west2-c/disks/master-disk-2",
            "image": "",
            "label_fingerprint": "42WmSpB8rSM=",
            "labels": null,
            "last_attach_timestamp": "",
            "last_detach_timestamp": "",
            "licenses": [],
            "name": "master-disk-2",
            "physical_block_size_bytes": 4096,
            "project": "alvaro-demo-elastic-000001",
            "provisioned_iops": 0,
            "provisioned_throughput": 0,
            "self_link": "https://www.googleapis.com/compute/v1/projects/alvaro-demo-elastic-000001/zones/us-west2-c/disks/master-disk-2",
            "size": 50,
            "snapshot": "",
            "source_disk": "",
            "source_disk_id": "",
            "source_image_encryption_key": [],
            "source_image_id": "",
            "source_snapshot_encryption_key": [],
            "source_snapshot_id": "",
            "timeouts": null,
            "type": "pd-standard",
            "users": [],
            "zone": "us-west2-c"
          },
          "sensitive_attributes": [],
          "private": "eyJlMmJmYjczMC1lY2FhLTExZTYtOGY4OC0zNDM2M2JjN2M0YzAiOnsiY3JlYXRlIjoxMjAwMDAwMDAwMDAwLCJkZWxldGUiOjEyMDAwMDAwMDAwMDAsInVwZGF0ZSI6MTIwMDAwMDAwMDAwMH19"
        }
      ]
    },
    {
      "mode": "managed",
      "type": "google_compute_disk",
      "name": "master_logs_disks",
      "provider": "provider[\"registry.terraform.io/hashicorp/google\"]",
      "instances": [
        {
          "index_key": 0,
          "schema_version": 0,
          "attributes": {
            "async_primary_disk": [],
            "creation_timestamp": "2023-08-14T23:22:49.873-07:00",
            "description": "",
            "disk_encryption_key": [],
            "guest_os_features": [],
            "id": "projects/alvaro-demo-elastic-000001/zones/us-west2-a/disks/master-logs-disk-0",
            "image": "",
            "label_fingerprint": "42WmSpB8rSM=",
            "labels": null,
            "last_attach_timestamp": "",
            "last_detach_timestamp": "",
            "licenses": [],
            "name": "master-logs-disk-0",
            "physical_block_size_bytes": 4096,
            "project": "alvaro-demo-elastic-000001",
            "provisioned_iops": 0,
            "provisioned_throughput": 0,
            "self_link": "https://www.googleapis.com/compute/v1/projects/alvaro-demo-elastic-000001/zones/us-west2-a/disks/master-logs-disk-0",
            "size": 30,
            "snapshot": "",
            "source_disk": "",
            "source_disk_id": "",
            "source_image_encryption_key": [],
            "source_image_id": "",
            "source_snapshot_encryption_key": [],
            "source_snapshot_id": "",
            "timeouts": null,
            "type": "pd-standard",
            "users": [],
            "zone": "us-west2-a"
          },
          "sensitive_attributes": [],
          "private": "eyJlMmJmYjczMC1lY2FhLTExZTYtOGY4OC0zNDM2M2JjN2M0YzAiOnsiY3JlYXRlIjoxMjAwMDAwMDAwMDAwLCJkZWxldGUiOjEyMDAwMDAwMDAwMDAsInVwZGF0ZSI6MTIwMDAwMDAwMDAwMH19"
        },
        {
          "index_key": 1,
          "schema_version": 0,
          "attributes": {
            "async_primary_disk": [],
            "creation_timestamp": "2023-08-14T23:22:49.188-07:00",
            "description": "",
            "disk_encryption_key": [],
            "guest_os_features": [],
            "id": "projects/alvaro-demo-elastic-000001/zones/us-west2-b/disks/master-logs-disk-1",
            "image": "",
            "label_fingerprint": "42WmSpB8rSM=",
            "labels": null,
            "last_attach_timestamp": "",
            "last_detach_timestamp": "",
            "licenses": [],
            "name": "master-logs-disk-1",
            "physical_block_size_bytes": 4096,
            "project": "alvaro-demo-elastic-000001",
            "provisioned_iops": 0,
            "provisioned_throughput": 0,
            "self_link": "https://www.googleapis.com/compute/v1/projects/alvaro-demo-elastic-000001/zones/us-west2-b/disks/master-logs-disk-1",
            "size": 30,
            "snapshot": "",
            "source_disk": "",
            "source_disk_id": "",
            "source_image_encryption_key": [],
            "source_image_id": "",
            "source_snapshot_encryption_key": [],
            "source_snapshot_id": "",
            "timeouts": null,
            "type": "pd-standard",
            "users": [],
            "zone": "us-west2-b"
          },
          "sensitive_attributes": [],
          "private": "eyJlMmJmYjczMC1lY2FhLTExZTYtOGY4OC0zNDM2M2JjN2M0YzAiOnsiY3JlYXRlIjoxMjAwMDAwMDAwMDAwLCJkZWxldGUiOjEyMDAwMDAwMDAwMDAsInVwZGF0ZSI6MTIwMDAwMDAwMDAwMH19"
        },
        {
          "index_key": 2,
          "schema_version": 0,
          "attributes": {
            "async_primary_disk": [],
            "creation_timestamp": "2023-08-14T23:22:49.785-07:00",
            "description": "",
            "disk_encryption_key": [],
            "guest_os_features": [],
            "id": "projects/alvaro-demo-elastic-000001/zones/us-west2-c/disks/master-logs-disk-2",
            "image": "",
            "label_fingerprint": "42WmSpB8rSM=",
            "labels": null,
            "last_attach_timestamp": "",
            "last_detach_timestamp": "",
            "licenses": [],
            "name": "master-logs-disk-2",
            "physical_block_size_bytes": 4096,
            "project": "alvaro-demo-elastic-000001",
            "provisioned_iops": 0,
            "provisioned_throughput": 0,
            "self_link": "https://www.googleapis.com/compute/v1/projects/alvaro-demo-elastic-000001/zones/us-west2-c/disks/master-logs-disk-2",
            "size": 30,
            "snapshot": "",
            "source_disk": "",
            "source_disk_id": "",
            "source_image_encryption_key": [],
            "source_image_id": "",
            "source_snapshot_encryption_key": [],
            "source_snapshot_id": "",
            "timeouts": null,
            "type": "pd-standard",
            "users": [],
            "zone": "us-west2-c"
          },
          "sensitive_attributes": [],
          "private": "eyJlMmJmYjczMC1lY2FhLTExZTYtOGY4OC0zNDM2M2JjN2M0YzAiOnsiY3JlYXRlIjoxMjAwMDAwMDAwMDAwLCJkZWxldGUiOjEyMDAwMDAwMDAwMDAsInVwZGF0ZSI6MTIwMDAwMDAwMDAwMH19"
        }
      ]
    },
    {
      "mode": "managed",
      "type": "google_compute_disk",
      "name": "warm_disk",
      "provider": "provider[\"registry.terraform.io/hashicorp/google\"]",
      "instances": [
        {
          "index_key": 0,
          "schema_version": 0,
          "attributes": {
            "async_primary_disk": [],
            "creation_timestamp": "2023-08-14T23:22:49.142-07:00",
            "description": "",
            "disk_encryption_key": [],
            "guest_os_features": [],
            "id": "projects/alvaro-demo-elastic-000001/zones/us-west2-c/disks/warm-disk",
            "image": "",
            "label_fingerprint": "42WmSpB8rSM=",
            "labels": null,
            "last_attach_timestamp": "",
            "last_detach_timestamp": "",
            "licenses": [],
            "name": "warm-disk",
            "physical_block_size_bytes": 4096,
            "project": "alvaro-demo-elastic-000001",
            "provisioned_iops": 0,
            "provisioned_throughput": 0,
            "self_link": "https://www.googleapis.com/compute/v1/projects/alvaro-demo-elastic-000001/zones/us-west2-c/disks/warm-disk",
            "size": 1000,
            "snapshot": "",
            "source_disk": "",
            "source_disk_id": "",
            "source_image_encryption_key": [],
            "source_image_id": "",
            "source_snapshot_encryption_key": [],
            "source_snapshot_id": "",
            "timeouts": null,
            "type": "pd-standard",
            "users": [],
            "zone": "us-west2-c"
          },
          "sensitive_attributes": [],
          "private": "eyJlMmJmYjczMC1lY2FhLTExZTYtOGY4OC0zNDM2M2JjN2M0YzAiOnsiY3JlYXRlIjoxMjAwMDAwMDAwMDAwLCJkZWxldGUiOjEyMDAwMDAwMDAwMDAsInVwZGF0ZSI6MTIwMDAwMDAwMDAwMH19"
        }
      ]
    },
    {
      "mode": "managed",
      "type": "google_compute_disk",
      "name": "warm_logs_disks",
      "provider": "provider[\"registry.terraform.io/hashicorp/google\"]",
      "instances": [
        {
          "index_key": 0,
          "schema_version": 0,
          "attributes": {
            "async_primary_disk": [],
            "creation_timestamp": "2023-08-14T23:22:49.902-07:00",
            "description": "",
            "disk_encryption_key": [],
            "guest_os_features": [],
            "id": "projects/alvaro-demo-elastic-000001/zones/us-west2-c/disks/warm-logs-disk-0",
            "image": "",
            "label_fingerprint": "42WmSpB8rSM=",
            "labels": null,
            "last_attach_timestamp": "",
            "last_detach_timestamp": "",
            "licenses": [],
            "name": "warm-logs-disk-0",
            "physical_block_size_bytes": 4096,
            "project": "alvaro-demo-elastic-000001",
            "provisioned_iops": 0,
            "provisioned_throughput": 0,
            "self_link": "https://www.googleapis.com/compute/v1/projects/alvaro-demo-elastic-000001/zones/us-west2-c/disks/warm-logs-disk-0",
            "size": 30,
            "snapshot": "",
            "source_disk": "",
            "source_disk_id": "",
            "source_image_encryption_key": [],
            "source_image_id": "",
            "source_snapshot_encryption_key": [],
            "source_snapshot_id": "",
            "timeouts": null,
            "type": "pd-standard",
            "users": [],
            "zone": "us-west2-c"
          },
          "sensitive_attributes": [],
          "private": "eyJlMmJmYjczMC1lY2FhLTExZTYtOGY4OC0zNDM2M2JjN2M0YzAiOnsiY3JlYXRlIjoxMjAwMDAwMDAwMDAwLCJkZWxldGUiOjEyMDAwMDAwMDAwMDAsInVwZGF0ZSI6MTIwMDAwMDAwMDAwMH19"
        }
      ]
    },
    {
      "mode": "managed",
      "type": "google_dns_managed_zone",
      "name": "private_zone",
      "provider": "provider[\"registry.terraform.io/hashicorp/google\"]",
      "instances": [
        {
          "schema_version": 0,
          "attributes": {
            "cloud_logging_config": [
              {
                "enable_logging": false
              }
            ],
            "creation_time": "2023-08-15T06:22:47.966Z",
            "description": "Elasticsearch internal private DNS",
            "dns_name": "escluster.internal.",
            "dnssec_config": [],
            "force_destroy": false,
            "forwarding_config": [],
            "id": "projects/alvaro-demo-elastic-000001/managedZones/elastic-cluster-zone",
            "labels": null,
            "managed_zone_id": 2613486534317156601,
            "name": "elastic-cluster-zone",
            "name_servers": [
              "ns-gcp-private.googledomains.com."
            ],
            "peering_config": [],
            "private_visibility_config": [
              {
                "gke_clusters": [],
                "networks": [
                  {
                    "network_url": "https://www.googleapis.com/compute/v1/projects/alvaro-demo-elastic-000001/global/networks/default"
                  }
                ]
              }
            ],
            "project": "alvaro-demo-elastic-000001",
            "timeouts": null,
            "visibility": "private"
          },
          "sensitive_attributes": [],
          "private": "eyJlMmJmYjczMC1lY2FhLTExZTYtOGY4OC0zNDM2M2JjN2M0YzAiOnsiY3JlYXRlIjoxMjAwMDAwMDAwMDAwLCJkZWxldGUiOjEyMDAwMDAwMDAwMDAsInVwZGF0ZSI6MTIwMDAwMDAwMDAwMH19",
          "dependencies": [
            "data.google_compute_network.default_network"
          ]
        }
      ]
    },
    {
      "mode": "managed",
      "type": "google_dns_record_set",
      "name": "hot_node_dns",
      "provider": "provider[\"registry.terraform.io/hashicorp/google\"]",
      "instances": []
    },
    {
      "mode": "managed",
      "type": "google_dns_record_set",
      "name": "kibana_node_dns",
      "provider": "provider[\"registry.terraform.io/hashicorp/google\"]",
      "instances": []
    },
    {
      "mode": "managed",
      "type": "google_dns_record_set",
      "name": "master_node_dns",
      "provider": "provider[\"registry.terraform.io/hashicorp/google\"]",
      "instances": []
    },
    {
      "mode": "managed",
      "type": "google_dns_record_set",
      "name": "warm_node_dns",
      "provider": "provider[\"registry.terraform.io/hashicorp/google\"]",
      "instances": []
    }
  ],
  "check_results": null
}
